
Microsoft Visual Studio Solution File, Format Version 12.00
# Visual Studio Version 17
VisualStudioVersion = 17.3.32825.248
MinimumVisualStudioVersion = 10.0.40219.1
Project("{FAE04EC0-301F-11D3-BF4B-00C04F79EFBC}") = "DTSMCC_Web_App", "DTSMCC_Web_App.csproj", "{23F0E2BE-8F58-4FD1-971D-B1478BB2B70A}"
EndProject
Global
	GlobalSection(SolutionConfigurationPlatforms) = preSolution
		Debug|Any CPU = Debug|Any CPU
		Release|Any CPU = Release|Any CPU
	EndGlobalSection
	GlobalSection(ProjectConfigurationPlatforms) = postSolution
		{23F0E2BE-8F58-4FD1-971D-B1478BB2B70A}.Debug|Any CPU.ActiveCfg = Debug|Any CPU
		{23F0E2BE-8F58-4FD1-971D-B1478BB2B70A}.Debug|Any CPU.Build.0 = Debug|Any CPU
		{23F0E2BE-8F58-4FD1-971D-B1478BB2B70A}.Release|Any CPU.ActiveCfg = Release|Any CPU
		{23F0E2BE-8F58-4FD1-971D-B1478BB2B70A}.Release|Any CPU.Build.0 = Release|Any CPU
	EndGlobalSection
	GlobalSection(SolutionProperties) = preSolution
		HideSolutionNode = FALSE
	EndGlobalSection
	GlobalSection(ExtensibilityGlobals) = postSolution
		SolutionGuid = {FD5A4905-5F69-401D-9DF9-47C973248C9C}
	EndGlobalSection
EndGlobal
